github.com/go-chi/chi/v5 v5.2.3 h1:WQIt9uxdsAbgIYgid+BpYc+liqQZGMHRaUwp0JUcvdE=
github.com/go-chi/chi/v5 v5.2.3/go.mod h1:L2yAIGWB3H+phAw1NxKwWM+7eUH/lU8pOMm5hHcoops=
github.com/go-chi/httplog/v3 v3.2.2 h1:G0oYv3YYcikNjijArHFUlqfR78cQNh9fGT43i6StqVc=
github.com/go-chi/httplog/v3 v3.2.2/go.mod h1:N/J1l5l1fozUrqIVuT8Z/HzNeSy8TF2EFyokPLe6y2w=
github.com/mazzama/go-bootkit/core v0.1.0 h1:BJ64yOfScZPeX53JwccXaxmgucYSIaDX8aIgNT/aQjI=
github.com/mazzama/go-bootkit/core v0.1.0/go.mod h1:4W2+ukShx+AxyHHN5J++eLAG2OAIT3a2cAguD3JIXn4=
github.com/mazzama/go-bootkit/core v0.1.1 h1:kg7fB7ctj7nvzLXQuvDU9a8FaEDz6MqSToaOEzuZDPI=
github.com/mazzama/go-bootkit/core v0.1.1/go.mod h1:4W2+ukShx+AxyHHN5J++eLAG2OAIT3a2cAguD3JIXn4=
golang.org/x/sync v0.16.0 h1:ycBJEhp9p4vXvUZNszeOq0kGTPghopOL8q0fq3vstxw=
golang.org/x/sync v0.16.0/go.mod h1:1dzgHSNfp02xaA81J2MS99Qcpr2w7fw1gpm99rleRqA=
